{
  "name": "wickra-shazam-example-node",
  "version": "0.1.0",
  "lockfileVersion": 3,
  "requires": true,
  "packages": {
    "": {
      "name": "wickra-shazam-example-node",
      "version": "0.1.0",
      "license": "MIT OR Apache-2.0",
      "dependencies": {
        "wickra-shazam": "file:../../bindings/node"
      }
    },
    "../../bindings/node": {
      "name": "wickra-shazam",
      "version": "0.1.0",
      "license": "MIT OR Apache-2.0",
      "devDependencies": {
        "@napi-rs/cli": "^3.7.2"
      },
      "engines": {
        "node": ">= 22"
      },
      "optionalDependencies": {
        "wickra-shazam-darwin-arm64": "0.1.0",
        "wickra-shazam-darwin-x64": "0.1.0",
        "wickra-shazam-linux-arm64-gnu": "0.1.0",
        "wickra-shazam-linux-x64-gnu": "0.1.0",
        "wickra-shazam-win32-arm64-msvc": "0.1.0",
        "wickra-shazam-win32-x64-msvc": "0.1.0"
      }
    },
    "node_modules/wickra-shazam": {
      "resolved": "../../bindings/node",
      "link": true
    }
  }
}
